{
  "version": 4,
  "terraform_version": "1.15.3",
  "serial": 1,
  "lineage": "b3a01772-82b5-b2d4-eeff-11ef5500fc5e",
  "outputs": {},
  "resources": [
    {
      "mode": "managed",
      "type": "local_file",
      "name": "devops",
      "provider": "provider[\"registry.terraform.io/hashicorp/local\"]",
      "instances": [
        {
          "schema_version": 0,
          "attributes": {
            "content": "Infrastructure as Code berhasil dijalankan",
            "content_base64": null,
            "content_base64sha256": "Do6YXag9GQFWRrMjzwHovbqS9tDFBwjorOO5eZKM7+I=",
            "content_base64sha512": "kXyab5EKwEIYOn/4IvVuCTffGXWJSgyhBEDy6PJxm90Gw6Yflo5erGdV3fV5uHViUrIpX/wx0ntD2wrC7kgTGA==",
            "content_md5": "e45d3184157130bb49d220e054a3010b",
            "content_sha1": "da94e976ad1a545c9894b2d3cdeca8231a1eba72",
            "content_sha256": "0e8e985da83d19015646b323cf01e8bdba92f6d0c50708e8ace3b979928cefe2",
            "content_sha512": "917c9a6f910ac042183a7ff822f56e0937df1975894a0ca10440f2e8f2719bdd06c3a61f968e5eac6755ddf579b8756252b2295ffc31d27b43db0ac2ee481318",
            "directory_permission": "0777",
            "file_permission": "0777",
            "filename": "devops.txt",
            "id": "da94e976ad1a545c9894b2d3cdeca8231a1eba72",
            "sensitive_content": null,
            "source": null
          },
          "sensitive_attributes": [
            [
              {
                "type": "get_attr",
                "value": "sensitive_content"
              }
            ]
          ],
          "identity_schema_version": 0
        }
      ]
    }
  ],
  "check_results": null
}
